
Microsoft Visual Studio Solution File, Format Version 12.00
# Visual Studio Version 16
VisualStudioVersion = 16.0.32228.343
MinimumVisualStudioVersion = 10.0.40219.1
Project("{FAE04EC0-301F-11D3-BF4B-00C04F79EFBC}") = "PlayerClubSigning", "PlayerClubSigning\PlayerClubSigning.csproj", "{13A884B8-1E72-4CC8-A7F3-8D2C8DA30535}"
EndProject
Global
	GlobalSection(SolutionConfigurationPlatforms) = preSolution
		Debug|Any CPU = Debug|Any CPU
		Release|Any CPU = Release|Any CPU
	EndGlobalSection
	GlobalSection(ProjectConfigurationPlatforms) = postSolution
		{13A884B8-1E72-4CC8-A7F3-8D2C8DA30535}.Debug|Any CPU.ActiveCfg = Debug|Any CPU
		{13A884B8-1E72-4CC8-A7F3-8D2C8DA30535}.Debug|Any CPU.Build.0 = Debug|Any CPU
		{13A884B8-1E72-4CC8-A7F3-8D2C8DA30535}.Release|Any CPU.ActiveCfg = Release|Any CPU
		{13A884B8-1E72-4CC8-A7F3-8D2C8DA30535}.Release|Any CPU.Build.0 = Release|Any CPU
	EndGlobalSection
	GlobalSection(SolutionProperties) = preSolution
		HideSolutionNode = FALSE
	EndGlobalSection
	GlobalSection(ExtensibilityGlobals) = postSolution
		SolutionGuid = {5CC51DD4-1127-4296-A411-D2F9D46EB48B}
	EndGlobalSection
EndGlobal
